// !$*UTF8*$!
{
	archiveVersion = 1;
	classes = {
	};
	objectVersion = 48;
	objects = {

/* Begin PBXBuildFile section */
		6148365B1EEE2843008CDCAF /* AppDelegate.swift in Sources */ = {isa = PBXBuildFile; fileRef = 6148365A1EEE2843008CDCAF /* AppDelegate.swift */; };
		6148365D1EEE2843008CDCAF /* ViewController.swift in Sources */ = {isa = PBXBuildFile; fileRef = 6148365C1EEE2843008CDCAF /* ViewController.swift */; };
		614836601EEE2843008CDCAF /* Main.storyboard in Resources */ = {isa = PBXBuildFile; fileRef = 6148365E1EEE2843008CDCAF /* Main.storyboard */; };
		614836621EEE2843008CDCAF /* Assets.xcassets in Resources */ = {isa = PBXBuildFile; fileRef = 614836611EEE2843008CDCAF /* Assets.xcassets */; };
		614836651EEE2843008CDCAF /* LaunchScreen.storyboard in Resources */ = {isa = PBXBuildFile; fileRef = 614836631EEE2843008CDCAF /* LaunchScreen.storyboard */; };
/* End PBXBuildFile section */

/* Begin PBXFileReference section */
		614836571EEE2843008CDCAF /* NFCTest.app */ = {isa = PBXFileReference; explicitFileType = wrapper.application; includeInIndex = 0; path = NFCTest.app; sourceTree = BUILT_PRODUCTS_DIR; };
		6148365A1EEE2843008CDCAF /* AppDelegate.swift */ = {isa = PBXFileReference; lastKnownFileType = sourcecode.swift; path = AppDelegate.swift; sourceTree = "<group>"; };
		6148365C1EEE2843008CDCAF /* ViewController.swift */ = {isa = PBXFileReference; lastKnownFileType = sourcecode.swift; path = ViewController.swift; sourceTree = "<group>"; };
		6148365F1EEE2843008CDCAF /* Base */ = {isa = PBXFileReference; lastKnownFileType = file.storyboard; name = Base; path = Base.lproj/Main.storyboard; sourceTree = "<group>"; };
		614836611EEE2843008CDCAF /* Assets.xcassets */ = {isa = PBXFileReference; lastKnownFileType = folder.assetcatalog; path = Assets.xcassets; sourceTree = "<group>"; };
		614836641EEE2843008CDCAF /* Base */ = {isa = PBXFileReference; lastKnownFileType = file.storyboard; name = Base; path = Base.lproj/LaunchScreen.storyboard; sourceTree = "<group>"; };
		614836661EEE2843008CDCAF /* Info.plist */ = {isa = PBXFileReference; lastKnownFileType = text.plist.xml; path = Info.plist; sourceTree = "<group>"; };
/* End PBXFileReference section */

/* Begin PBXFrameworksBuildPhase section */
		614836541EEE2842008CDCAF /* Frameworks */ = {
			isa = PBXFrameworksBuildPhase;
			buildActionMask = 2147483647;
			files = (
			);
			runOnlyForDeploymentPostprocessing = 0;
		};
/* End PBXFrameworksBuildPhase section */

/* Begin PBXGroup section */
		6148364E1EEE2842008CDCAF = {
			isa = PBXGroup;
			children = (
				614836591EEE2843008CDCAF /* NFCTest */,
				614836581EEE2843008CDCAF /* Products */,
			);
			sourceTree = "<group>";
		};
		614836581EEE2843008CDCAF /* Products */ = {
			isa = PBXGroup;
			children = (
				614836571EEE2843008CDCAF /* NFCTest.app */,
			);
			name = Products;
			sourceTree = "<group>";
		};
		614836591EEE2843008CDCAF /* NFCTest */ = {
			isa = PBXGroup;
			children = (
				6148365A1EEE2843008CDCAF /* AppDelegate.swift */,
				6148365C1EEE2843008CDCAF /* ViewController.swift */,
				6148365E1EEE2843008CDCAF /* Main.storyboard */,
				614836611EEE2843008CDCAF /* Assets.xcassets */,
				614836631EEE2843008CDCAF /* LaunchScreen.storyboard */,
				614836661EEE2843008CDCAF /* Info.plist */,
			);
			path = NFCTest;
			sourceTree = "<group>";
		};
/* End PBXGroup section */

/* Begin PBXNativeTarget section */
		614836561EEE2842008CDCAF /* NFCTest */ = {
			isa = PBXNativeTarget;
			buildConfigurationList = 614836691EEE2843008CDCAF /* Build configuration list for PBXNativeTarget "NFCTest" */;
			buildPhases = (
				614836531EEE2842008CDCAF /* Sources */,
				614836541EEE2842008CDCAF /* Frameworks */,
				614836551EEE2842008CDCAF /* Resources */,
			);
			buildRules = (
			);
			dependencies = (
			);
			name = NFCTest;
			productName = NFCTest;
			productReference = 614836571EEE2843008CDCAF /* NFCTest.app */;
			productType = "com.apple.product-type.application";
		};
/* End PBXNativeTarget section */

/* Begin PBXProject section */
		6148364F1EEE2842008CDCAF /* Project object */ = {
			isa = PBXProject;
			attributes = {
				LastSwiftUpdateCheck = 0900;
				LastUpgradeCheck = 0900;
				ORGANIZATIONNAME = "Joshua Walsh";
				TargetAttributes = {
					614836561EEE2842008CDCAF = {
						CreatedOnToolsVersion = 9.0;
					};
				};
			};
			buildConfigurationList = 614836521EEE2842008CDCAF /* Build configuration list for PBXProject "NFCTest" */;
			compatibilityVersion = "Xcode 8.0";
			developmentRegion = en;
			hasScannedForEncodings = 0;
			knownRegions = (
				en,
				Base,
			);
			mainGroup = 6148364E1EEE2842008CDCAF;
			productRefGroup = 614836581EEE2843008CDCAF /* Products */;
			projectDirPath = "";
			projectRoot = "";
			targets = (
				614836561EEE2842008CDCAF /* NFCTest */,
			);
		};
/* End PBXProject section */

/* Begin PBXResourcesBuildPhase section */
		614836551EEE2842008CDCAF /* Resources */ = {
			isa = PBXResourcesBuildPhase;
			buildActionMask = 2147483647;
			files = (
				614836651EEE2843008CDCAF /* LaunchScreen.storyboard in Resources */,
				614836621EEE2843008CDCAF /* Assets.xcassets in Resources */,
				614836601EEE2843008CDCAF /* Main.storyboard in Resources */,
			);
			runOnlyForDeploymentPostprocessing = 0;
		};
/* End PBXResourcesBuildPhase section */

/* Begin PBXSourcesBuildPhase section */
		614836531EEE2842008CDCAF /* Sources */ = {
			isa = PBXSourcesBuildPhase;
			buildActionMask = 2147483647;
			files = (
				6148365D1EEE2843008CDCAF /* ViewController.swift in Sources */,
				6148365B1EEE2843008CDCAF /* AppDelegate.swift in Sources */,
			);
			runOnlyForDeploymentPostprocessing = 0;
		};
/* End PBXSourcesBuildPhase section */

/* Begin PBXVariantGroup section */
		6148365E1EEE2843008CDCAF /* Main.storyboard */ = {
			isa = PBXVariantGroup;
			children = (
				6148365F1EEE2843008CDCAF /* Base */,
			);
			name = Main.storyboard;
			sourceTree = "<group>";
		};
		614836631EEE2843008CDCAF /* LaunchScreen.storyboard */ = {
			isa = PBXVariantGroup;
			children = (
				614836641EEE2843008CDCAF /* Base */,
			);
			name = LaunchScreen.storyboard;
			sourceTree = "<group>";
		};
/* End PBXVariantGroup section */

/* Begin XCBuildConfiguration section */
		614836671EEE2843008CDCAF /* Debug */ = {
			isa = XCBuildConfiguration;
			buildSettings = {
				ALWAYS_SEARCH_USER_PATHS = NO;
				CLANG_ANALYZER_NONNULL = YES;
				CLANG_ANALYZER_NUMBER_OBJECT_CONVERSION = YES_AGGRESSIVE;
				CLANG_CXX_LANGUAGE_STANDARD = "gnu++14";
				CLANG_CXX_LIBRARY = "libc++";
				CLANG_ENABLE_MODULES = YES;
				CLANG_ENABLE_OBJC_ARC = YES;
				CLANG_WARN_BLOCK_CAPTURE_AUTORELEASING = YES;
				CLANG_WARN_BOOL_CONVERSION = YES;
				CLANG_WARN_COMMA = YES;
				CLANG_WARN_CONSTANT_CONVERSION = YES;
				CLANG_WARN_DIRECT_OBJC_ISA_USAGE = YES_ERROR;
				CLANG_WARN_DOCUMENTATION_COMMENTS = YES;
				CLANG_WARN_EMPTY_BODY = YES;
				CLANG_WARN_ENUM_CONVERSION = YES;
				CLANG_WARN_INFINITE_RECURSION = YES;
				CLANG_WARN_INT_CONVERSION = YES;
				CLANG_WARN_OBJC_ROOT_CLASS = YES_ERROR;
				CLANG_WARN_RANGE_LOOP_ANALYSIS = YES;
				CLANG_WARN_STRICT_PROTOTYPES = YES;
				CLANG_WARN_SUSPICIOUS_MOVE = YES;
				CLANG_WARN_UNGUARDED_AVAILABILITY = YES_AGGRESSIVE;
				CLANG_WARN_UNREACHABLE_CODE = YES;
				CLANG_WARN__DUPLICATE_METHOD_MATCH = YES;
				CODE_SIGN_IDENTITY = "iPhone Developer";
				COPY_PHASE_STRIP = NO;
				DEBUG_INFORMATION_FORMAT = dwarf;
				ENABLE_STRICT_OBJC_MSGSEND = YES;
				ENABLE_TESTABILITY = YES;
				GCC_C_LANGUAGE_STANDARD = gnu11;
				GCC_DYNAMIC_NO_PIC = NO;
				GCC_NO_COMMON_BLOCKS = YES;
				GCC_OPTIMIZATION_LEVEL = 0;
				GCC_PREPROCESSOR_DEFINITIONS = (
					"DEBUG=1",
					"$(inherited)",
				);
				GCC_WARN_64_TO_32_BIT_CONVERSION = YES;
				GCC_WARN_ABOUT_RETURN_TYPE = YES_ERROR;
				GCC_WARN_UNDECLARED_SELECTOR = YES;
				GCC_WARN_UNINITIALIZED_AUTOS = YES_AGGRESSIVE;
				GCC_WARN_UNUSED_FUNCTION = YES;
				GCC_WARN_UNUSED_VARIABLE = YES;
				IPHONEOS_DEPLOYMENT_TARGET = 11.0;
				MTL_ENABLE_DEBUG_INFO = YES;
				ONLY_ACTIVE_ARCH = YES;
				SDKROOT = iphoneos;
				SWIFT_ACTIVE_COMPILATION_CONDITIONS = DEBUG;
				SWIFT_OPTIMIZATION_LEVEL = "-Onone";
			};
			name = Debug;
		};
		614836681EEE2843008CDCAF /* Release */ = {
			isa = XCBuildConfiguration;
			buildSettings = {
				ALWAYS_SEARCH_USER_PATHS = NO;
				CLANG_ANALYZER_NONNULL = YES;
				CLANG_ANALYZER_NUMBER_OBJECT_CONVERSION = YES_AGGRESSIVE;
				CLANG_CXX_LANGUAGE_STANDARD = "gnu++14";
				CLANG_CXX_LIBRARY = "libc++";
				CLANG_ENABLE_MODULES = YES;
				CLANG_ENABLE_OBJC_ARC = YES;
				CLANG_WARN_BLOCK_CAPTURE_AUTORELEASING = YES;
				CLANG_WARN_BOOL_CONVERSION = YES;
				CLANG_WARN_COMMA = YES;
				CLANG_WARN_CONSTANT_CONVERSION = YES;
				CLANG_WARN_DIRECT_OBJC_ISA_USAGE = YES_ERROR;
				CLANG_WARN_DOCUMENTATION_COMMENTS = YES;
				CLANG_WARN_EMPTY_BODY = YES;
				CLANG_WARN_ENUM_CONVERSION = YES;
				CLANG_WARN_INFINITE_RECURSION = YES;
				CLANG_WARN_INT_CONVERSION = YES;
				CLANG_WARN_OBJC_ROOT_CLASS = YES_ERROR;
				CLANG_WARN_RANGE_LOOP_ANALYSIS = YES;
				CLANG_WARN_STRICT_PROTOTYPES = YES;
				CLANG_WARN_SUSPICIOUS_MOVE = YES;
				CLANG_WARN_UNGUARDED_AVAILABILITY = YES_AGGRESSIVE;
				CLANG_WARN_UNREACHABLE_CODE = YES;
				CLANG_WARN__DUPLICATE_METHOD_MATCH = YES;
				CODE_SIGN_IDENTITY = "iPhone Developer";
				COPY_PHASE_STRIP = NO;
				DEBUG_INFORMATION_FORMAT = "dwarf-with-dsym";
				ENABLE_NS_ASSERTIONS = NO;
				ENABLE_STRICT_OBJC_MSGSEND = YES;
				GCC_C_LANGUAGE_STANDARD = gnu11;
				GCC_NO_COMMON_BLOCKS = YES;
				GCC_WARN_64_TO_32_BIT_CONVERSION = YES;
				GCC_WARN_ABOUT_RETURN_TYPE = YES_ERROR;
				GCC_WARN_UNDECLARED_SELECTOR = YES;
				GCC_WARN_UNINITIALIZED_AUTOS = YES_AGGRESSIVE;
				GCC_WARN_UNUSED_FUNCTION = YES;
				GCC_WARN_UNUSED_VARIABLE = YES;
				IPHONEOS_DEPLOYMENT_TARGET = 11.0;
				MTL_ENABLE_DEBUG_INFO = NO;
				SDKROOT = iphoneos;
				SWIFT_OPTIMIZATION_LEVEL = "-Owholemodule";
				VALIDATE_PRODUCT = YES;
			};
			name = Release;
		};
		6148366A1EEE2843008CDCAF /* Debug */ = {
			isa = XCBuildConfiguration;
			buildSettings = {
				ASSETCATALOG_COMPILER_APPICON_NAME = AppIcon;
				DEVELOPMENT_TEAM = P624W8659J;
				INFOPLIST_FILE = NFCTest/Info.plist;
				LD_RUNPATH_SEARCH_PATHS = "$(inherited) @executable_path/Frameworks";
				PRODUCT_BUNDLE_IDENTIFIER = com.mosaic6.NFCTest;
				PRODUCT_NAME = "$(TARGET_NAME)";
				SWIFT_VERSION = 4.0;
				TARGETED_DEVICE_FAMILY = "1,2";
			};
			name = Debug;
		};
		6148366B1EEE2843008CDCAF /* Release */ = {
			isa = XCBuildConfiguration;
			buildSettings = {
				ASSETCATALOG_COMPILER_APPICON_NAME = AppIcon;
				DEVELOPMENT_TEAM = P624W8659J;
				INFOPLIST_FILE = NFCTest/Info.plist;
				LD_RUNPATH_SEARCH_PATHS = "$(inherited) @executable_path/Frameworks";
				PRODUCT_BUNDLE_IDENTIFIER = com.mosaic6.NFCTest;
				PRODUCT_NAME = "$(TARGET_NAME)";
				SWIFT_VERSION = 4.0;
				TARGETED_DEVICE_FAMILY = "1,2";
			};
			name = Release;
		};
/* End XCBuildConfiguration section */

/* Begin XCConfigurationList section */
		614836521EEE2842008CDCAF /* Build configuration list for PBXProject "NFCTest" */ = {
			isa = XCConfigurationList;
			buildConfigurations = (
				614836671EEE2843008CDCAF /* Debug */,
				614836681EEE2843008CDCAF /* Release */,
			);
			defaultConfigurationIsVisible = 0;
			defaultConfigurationName = Release;
		};
		614836691EEE2843008CDCAF /* Build configuration list for PBXNativeTarget "NFCTest" */ = {
			isa = XCConfigurationList;
			buildConfigurations = (
				6148366A1EEE2843008CDCAF /* Debug */,
				6148366B1EEE2843008CDCAF /* Release */,
			);
			defaultConfigurationIsVisible = 0;
		};
/* End XCConfigurationList section */
	};
	rootObject = 6148364F1EEE2842008CDCAF /* Project object */;
}
